{
    "_meta": {
        "hash": {
            "sha256": "6c4164c963c8badfe0eca6b77f48a95e71b8fb686250fa48507180c132199136"
        },
        "pipfile-spec": 6,
        "requires": {
            "python_version": "3.9"
        },
        "sources": [
            {
                "name": "pypi",
                "url": "https://pypi.org/simple",
                "verify_ssl": true
            }
        ]
    },
    "default": {
        "plost": {
            "hashes": [
                "sha256:19c33cb0bb2f03bb00d9b106c1a5e413d0b368001669ebdf11d64b1491a67bfb"
            ],
            "index": "pypi",
            "version": "==0.2.5"
        }
    },
    "develop": {}
}
